
Microsoft Visual Studio Solution File, Format Version 12.00
# Visual Studio Version 16
VisualStudioVersion = 16.0.31515.178
MinimumVisualStudioVersion = 10.0.40219.1
Project("{9A19103F-16F7-4668-BE54-9A1E7A4F7556}") = "MoodAnalyser1", "MoodAnalyser1\MoodAnalyser1.csproj", "{403973F2-4A20-4BA5-A7B3-6EA2703DE5D8}"
EndProject
Project("{FAE04EC0-301F-11D3-BF4B-00C04F79EFBC}") = "UnitTestProject", "UnitTestProject\UnitTestProject.csproj", "{9853761F-5817-47B2-906D-7A28BC735DE7}"
EndProject
Global
	GlobalSection(SolutionConfigurationPlatforms) = preSolution
		Debug|Any CPU = Debug|Any CPU
		Release|Any CPU = Release|Any CPU
	EndGlobalSection
	GlobalSection(ProjectConfigurationPlatforms) = postSolution
		{403973F2-4A20-4BA5-A7B3-6EA2703DE5D8}.Debug|Any CPU.ActiveCfg = Debug|Any CPU
		{403973F2-4A20-4BA5-A7B3-6EA2703DE5D8}.Debug|Any CPU.Build.0 = Debug|Any CPU
		{403973F2-4A20-4BA5-A7B3-6EA2703DE5D8}.Release|Any CPU.ActiveCfg = Release|Any CPU
		{403973F2-4A20-4BA5-A7B3-6EA2703DE5D8}.Release|Any CPU.Build.0 = Release|Any CPU
		{9853761F-5817-47B2-906D-7A28BC735DE7}.Debug|Any CPU.ActiveCfg = Debug|Any CPU
		{9853761F-5817-47B2-906D-7A28BC735DE7}.Debug|Any CPU.Build.0 = Debug|Any CPU
		{9853761F-5817-47B2-906D-7A28BC735DE7}.Release|Any CPU.ActiveCfg = Release|Any CPU
		{9853761F-5817-47B2-906D-7A28BC735DE7}.Release|Any CPU.Build.0 = Release|Any CPU
	EndGlobalSection
	GlobalSection(SolutionProperties) = preSolution
		HideSolutionNode = FALSE
	EndGlobalSection
	GlobalSection(ExtensibilityGlobals) = postSolution
		SolutionGuid = {9FE979D6-0BFD-4505-9516-A1F1E0A74E81}
	EndGlobalSection
EndGlobal
